alias: 'Lås upp låset'
initial_state: 'on'
trigger:
  platform: state
  entity_id: 
    - group.devices_adults
  from: 'not_home'
  to: 'home'
action:
  - service: lock.unlock
    entity_id: lock.polycontrol_danalock_v3_btze_locked
  - service: notify.adults
    data:
      title: 'Home Assistant'
      message: 'Nu är det upplåst!'